# This file is automatically @generated by Cargo.
# It is not intended for manual editing.
version = 3

[[package]]
name = "curerr"
version = "1.0.1"
source = "registry+https://github.com/rust-lang/crates.io-index"
checksum = "36c5d1c6c8dfdd8161142b64736ed592cc640bd4e4f03c451277a4a29622e704"

[[package]]
name = "cursedv"
version = "0.1.0"
dependencies = [
 "curerr",
 "cursock",
]

[[package]]
name = "cursock"
version = "1.1.0"
source = "registry+https://github.com/rust-lang/crates.io-index"
checksum = "236a923a03d7816e1da05bdd272c87470d1414a19637554598c5a4e99602767e"
dependencies = [
 "curerr",
]
