# This file is automatically @generated by Cargo.
# It is not intended for manual editing.
version = 3

[[package]]
name = "curerr"
version = "1.0.1"
source = "registry+https://github.com/rust-lang/crates.io-index"
checksum = "36c5d1c6c8dfdd8161142b64736ed592cc640bd4e4f03c451277a4a29622e704"

[[package]]
name = "cursedv"
version = "0.1.0"
dependencies = [
 "curerr",
 "cursock",
]

[[package]]
name = "cursock"
version = "1.2.0"
source = "registry+https://github.com/rust-lang/crates.io-index"
checksum = "87758d55fe8f1da4b71c9ac82b6e5427803a74701ee524176b9c1bde9c5ac4ef"
dependencies = [
 "curerr",
]
